{
  "name": "@darkwolf/geohash",
  "version": "1.0.3",
  "lockfileVersion": 1,
  "requires": true,
  "dependencies": {
    "@darkwolf/primordials": {
      "version": "1.2.1",
      "resolved": "https://registry.npmjs.org/@darkwolf/primordials/-/primordials-1.2.1.tgz",
      "integrity": "sha512-62loW0O1/Iu7ts8U9me7oI3p2g7HHtVib7ISkRcLpvZS1q0U8x03UPDKkScYYKJukDf3d2Ns27EKnW/HJbm8Ag=="
    }
  }
}
